
Microsoft Visual Studio Solution File, Format Version 12.00
Project("{FAE04EC0-301F-11D3-BF4B-00C04F79EFBC}") = "Client", "Client\Client.csproj", "{FCCE49D0-36AC-4FB4-A981-5AE867CC2014}"
EndProject
Project("{FAE04EC0-301F-11D3-BF4B-00C04F79EFBC}") = "Thread", "Thread\Thread.csproj", "{B60DDC21-22C5-4537-9465-72A7D128499F}"
EndProject
Project("{FAE04EC0-301F-11D3-BF4B-00C04F79EFBC}") = "Socket", "Socket\Socket.csproj", "{9672B92A-90B5-4D8B-B9D7-C079473B6A2D}"
EndProject
Project("{FAE04EC0-301F-11D3-BF4B-00C04F79EFBC}") = "ClientProcess", "ClientProcess\ClientProcess.csproj", "{A51651CD-4657-48F6-B5D6-095B32B8A6EC}"
EndProject
Project("{FAE04EC0-301F-11D3-BF4B-00C04F79EFBC}") = "Process", "Process\Process.csproj", "{89606531-7C1B-4FA2-B3C6-4D7318A6BF08}"
EndProject
Global
	GlobalSection(SolutionConfigurationPlatforms) = preSolution
		Debug|Any CPU = Debug|Any CPU
		Release|Any CPU = Release|Any CPU
	EndGlobalSection
	GlobalSection(ProjectConfigurationPlatforms) = postSolution
		{FCCE49D0-36AC-4FB4-A981-5AE867CC2014}.Debug|Any CPU.ActiveCfg = Debug|Any CPU
		{FCCE49D0-36AC-4FB4-A981-5AE867CC2014}.Debug|Any CPU.Build.0 = Debug|Any CPU
		{FCCE49D0-36AC-4FB4-A981-5AE867CC2014}.Release|Any CPU.ActiveCfg = Release|Any CPU
		{FCCE49D0-36AC-4FB4-A981-5AE867CC2014}.Release|Any CPU.Build.0 = Release|Any CPU
		{B60DDC21-22C5-4537-9465-72A7D128499F}.Debug|Any CPU.ActiveCfg = Debug|Any CPU
		{B60DDC21-22C5-4537-9465-72A7D128499F}.Debug|Any CPU.Build.0 = Debug|Any CPU
		{B60DDC21-22C5-4537-9465-72A7D128499F}.Release|Any CPU.ActiveCfg = Release|Any CPU
		{B60DDC21-22C5-4537-9465-72A7D128499F}.Release|Any CPU.Build.0 = Release|Any CPU
		{9672B92A-90B5-4D8B-B9D7-C079473B6A2D}.Debug|Any CPU.ActiveCfg = Debug|Any CPU
		{9672B92A-90B5-4D8B-B9D7-C079473B6A2D}.Debug|Any CPU.Build.0 = Debug|Any CPU
		{9672B92A-90B5-4D8B-B9D7-C079473B6A2D}.Release|Any CPU.ActiveCfg = Release|Any CPU
		{9672B92A-90B5-4D8B-B9D7-C079473B6A2D}.Release|Any CPU.Build.0 = Release|Any CPU
		{A51651CD-4657-48F6-B5D6-095B32B8A6EC}.Debug|Any CPU.ActiveCfg = Debug|Any CPU
		{A51651CD-4657-48F6-B5D6-095B32B8A6EC}.Debug|Any CPU.Build.0 = Debug|Any CPU
		{A51651CD-4657-48F6-B5D6-095B32B8A6EC}.Release|Any CPU.ActiveCfg = Release|Any CPU
		{A51651CD-4657-48F6-B5D6-095B32B8A6EC}.Release|Any CPU.Build.0 = Release|Any CPU
		{89606531-7C1B-4FA2-B3C6-4D7318A6BF08}.Debug|Any CPU.ActiveCfg = Debug|Any CPU
		{89606531-7C1B-4FA2-B3C6-4D7318A6BF08}.Debug|Any CPU.Build.0 = Debug|Any CPU
		{89606531-7C1B-4FA2-B3C6-4D7318A6BF08}.Release|Any CPU.ActiveCfg = Release|Any CPU
		{89606531-7C1B-4FA2-B3C6-4D7318A6BF08}.Release|Any CPU.Build.0 = Release|Any CPU
	EndGlobalSection
EndGlobal
